
Microsoft Visual Studio Solution File, Format Version 12.00
# Visual Studio Version 17
VisualStudioVersion = 17.11.35222.181
MinimumVisualStudioVersion = 10.0.40219.1
Project("{FAE04EC0-301F-11D3-BF4B-00C04F79EFBC}") = "wpfHint", "wpfHint\wpfHint.csproj", "{BFD498E5-7A9D-4295-9689-331D43DC146E}"
EndProject
Global
	GlobalSection(SolutionConfigurationPlatforms) = preSolution
		Debug|Any CPU = Debug|Any CPU
		Release|Any CPU = Release|Any CPU
	EndGlobalSection
	GlobalSection(ProjectConfigurationPlatforms) = postSolution
		{BFD498E5-7A9D-4295-9689-331D43DC146E}.Debug|Any CPU.ActiveCfg = Debug|Any CPU
		{BFD498E5-7A9D-4295-9689-331D43DC146E}.Debug|Any CPU.Build.0 = Debug|Any CPU
		{BFD498E5-7A9D-4295-9689-331D43DC146E}.Release|Any CPU.ActiveCfg = Release|Any CPU
		{BFD498E5-7A9D-4295-9689-331D43DC146E}.Release|Any CPU.Build.0 = Release|Any CPU
	EndGlobalSection
	GlobalSection(SolutionProperties) = preSolution
		HideSolutionNode = FALSE
	EndGlobalSection
	GlobalSection(ExtensibilityGlobals) = postSolution
		SolutionGuid = {449444B1-F1C9-4C11-B41E-F336312DC2EB}
	EndGlobalSection
EndGlobal
