
Microsoft Visual Studio Solution File, Format Version 12.00
# Visual Studio Version 17
VisualStudioVersion = 17.11.35222.181
MinimumVisualStudioVersion = 10.0.40219.1
Project("{FAE04EC0-301F-11D3-BF4B-00C04F79EFBC}") = "ConsoleHello", "ConsoleHello\ConsoleHello.csproj", "{585484DA-88B1-4004-A155-92610B6078A4}"
EndProject
Global
	GlobalSection(SolutionConfigurationPlatforms) = preSolution
		Debug|Any CPU = Debug|Any CPU
		Release|Any CPU = Release|Any CPU
	EndGlobalSection
	GlobalSection(ProjectConfigurationPlatforms) = postSolution
		{585484DA-88B1-4004-A155-92610B6078A4}.Debug|Any CPU.ActiveCfg = Debug|Any CPU
		{585484DA-88B1-4004-A155-92610B6078A4}.Debug|Any CPU.Build.0 = Debug|Any CPU
		{585484DA-88B1-4004-A155-92610B6078A4}.Release|Any CPU.ActiveCfg = Release|Any CPU
		{585484DA-88B1-4004-A155-92610B6078A4}.Release|Any CPU.Build.0 = Release|Any CPU
	EndGlobalSection
	GlobalSection(SolutionProperties) = preSolution
		HideSolutionNode = FALSE
	EndGlobalSection
	GlobalSection(ExtensibilityGlobals) = postSolution
		SolutionGuid = {C3C3A75D-036B-4BED-93BD-A51C08B40877}
	EndGlobalSection
EndGlobal
