
Microsoft Visual Studio Solution File, Format Version 12.00
# Visual Studio Version 17
VisualStudioVersion = 17.11.35222.181
MinimumVisualStudioVersion = 10.0.40219.1
Project("{FAE04EC0-301F-11D3-BF4B-00C04F79EFBC}") = "wfaSearchCity", "wfaSearchCity\wfaSearchCity.csproj", "{AC376D81-9692-4295-9A1A-0DF5603B73C6}"
EndProject
Global
	GlobalSection(SolutionConfigurationPlatforms) = preSolution
		Debug|Any CPU = Debug|Any CPU
		Release|Any CPU = Release|Any CPU
	EndGlobalSection
	GlobalSection(ProjectConfigurationPlatforms) = postSolution
		{AC376D81-9692-4295-9A1A-0DF5603B73C6}.Debug|Any CPU.ActiveCfg = Debug|Any CPU
		{AC376D81-9692-4295-9A1A-0DF5603B73C6}.Debug|Any CPU.Build.0 = Debug|Any CPU
		{AC376D81-9692-4295-9A1A-0DF5603B73C6}.Release|Any CPU.ActiveCfg = Release|Any CPU
		{AC376D81-9692-4295-9A1A-0DF5603B73C6}.Release|Any CPU.Build.0 = Release|Any CPU
	EndGlobalSection
	GlobalSection(SolutionProperties) = preSolution
		HideSolutionNode = FALSE
	EndGlobalSection
	GlobalSection(ExtensibilityGlobals) = postSolution
		SolutionGuid = {77E27370-341B-44F4-A81F-58434AC0CA92}
	EndGlobalSection
EndGlobal
