
Microsoft Visual Studio Solution File, Format Version 12.00
# Visual Studio Version 17
VisualStudioVersion = 17.11.35222.181
MinimumVisualStudioVersion = 10.0.40219.1
Project("{FAE04EC0-301F-11D3-BF4B-00C04F79EFBC}") = "wpfTemplate", "wpfTemplate\wpfTemplate.csproj", "{841C2EA5-E799-4F2A-8977-A02F86265BAF}"
EndProject
Global
	GlobalSection(SolutionConfigurationPlatforms) = preSolution
		Debug|Any CPU = Debug|Any CPU
		Release|Any CPU = Release|Any CPU
	EndGlobalSection
	GlobalSection(ProjectConfigurationPlatforms) = postSolution
		{841C2EA5-E799-4F2A-8977-A02F86265BAF}.Debug|Any CPU.ActiveCfg = Debug|Any CPU
		{841C2EA5-E799-4F2A-8977-A02F86265BAF}.Debug|Any CPU.Build.0 = Debug|Any CPU
		{841C2EA5-E799-4F2A-8977-A02F86265BAF}.Release|Any CPU.ActiveCfg = Release|Any CPU
		{841C2EA5-E799-4F2A-8977-A02F86265BAF}.Release|Any CPU.Build.0 = Release|Any CPU
	EndGlobalSection
	GlobalSection(SolutionProperties) = preSolution
		HideSolutionNode = FALSE
	EndGlobalSection
	GlobalSection(ExtensibilityGlobals) = postSolution
		SolutionGuid = {EC3CCC58-EBB1-4945-8C06-B5D21BF0C04B}
	EndGlobalSection
EndGlobal
