
Microsoft Visual Studio Solution File, Format Version 12.00
# Visual Studio Version 17
VisualStudioVersion = 17.11.35222.181
MinimumVisualStudioVersion = 10.0.40219.1
Project("{FAE04EC0-301F-11D3-BF4B-00C04F79EFBC}") = "wpfControlContent", "wpfControlContent\wpfControlContent.csproj", "{CAA71C4A-370C-46EA-BAA2-889C87C798DB}"
EndProject
Global
	GlobalSection(SolutionConfigurationPlatforms) = preSolution
		Debug|Any CPU = Debug|Any CPU
		Release|Any CPU = Release|Any CPU
	EndGlobalSection
	GlobalSection(ProjectConfigurationPlatforms) = postSolution
		{CAA71C4A-370C-46EA-BAA2-889C87C798DB}.Debug|Any CPU.ActiveCfg = Debug|Any CPU
		{CAA71C4A-370C-46EA-BAA2-889C87C798DB}.Debug|Any CPU.Build.0 = Debug|Any CPU
		{CAA71C4A-370C-46EA-BAA2-889C87C798DB}.Release|Any CPU.ActiveCfg = Release|Any CPU
		{CAA71C4A-370C-46EA-BAA2-889C87C798DB}.Release|Any CPU.Build.0 = Release|Any CPU
	EndGlobalSection
	GlobalSection(SolutionProperties) = preSolution
		HideSolutionNode = FALSE
	EndGlobalSection
	GlobalSection(ExtensibilityGlobals) = postSolution
		SolutionGuid = {2E688F2E-4F99-4E31-BD48-638D0FB69C18}
	EndGlobalSection
EndGlobal
