
Microsoft Visual Studio Solution File, Format Version 12.00
# Visual Studio Version 17
VisualStudioVersion = 17.11.35222.181
MinimumVisualStudioVersion = 10.0.40219.1
Project("{FAE04EC0-301F-11D3-BF4B-00C04F79EFBC}") = "ConsoleColor", "ConsoleColor\ConsoleColor.csproj", "{29763B58-5077-4F71-8828-F48D7E631F93}"
EndProject
Global
	GlobalSection(SolutionConfigurationPlatforms) = preSolution
		Debug|Any CPU = Debug|Any CPU
		Release|Any CPU = Release|Any CPU
	EndGlobalSection
	GlobalSection(ProjectConfigurationPlatforms) = postSolution
		{29763B58-5077-4F71-8828-F48D7E631F93}.Debug|Any CPU.ActiveCfg = Debug|Any CPU
		{29763B58-5077-4F71-8828-F48D7E631F93}.Debug|Any CPU.Build.0 = Debug|Any CPU
		{29763B58-5077-4F71-8828-F48D7E631F93}.Release|Any CPU.ActiveCfg = Release|Any CPU
		{29763B58-5077-4F71-8828-F48D7E631F93}.Release|Any CPU.Build.0 = Release|Any CPU
	EndGlobalSection
	GlobalSection(SolutionProperties) = preSolution
		HideSolutionNode = FALSE
	EndGlobalSection
	GlobalSection(ExtensibilityGlobals) = postSolution
		SolutionGuid = {3B300BC1-962A-491C-B0CC-49B7AF757706}
	EndGlobalSection
EndGlobal
